
Microsoft Visual Studio Solution File, Format Version 12.00
# Visual Studio Version 16
VisualStudioVersion = 16.0.30204.135
MinimumVisualStudioVersion = 10.0.40219.1
Project("{FAE04EC0-301F-11D3-BF4B-00C04F79EFBC}") = "Artikli", "Artikli\Artikli.csproj", "{DE3BD5B6-2B5C-44F6-98EC-76C1EEEF6589}"
EndProject
Global
	GlobalSection(SolutionConfigurationPlatforms) = preSolution
		Debug|Any CPU = Debug|Any CPU
		Release|Any CPU = Release|Any CPU
	EndGlobalSection
	GlobalSection(ProjectConfigurationPlatforms) = postSolution
		{DE3BD5B6-2B5C-44F6-98EC-76C1EEEF6589}.Debug|Any CPU.ActiveCfg = Debug|Any CPU
		{DE3BD5B6-2B5C-44F6-98EC-76C1EEEF6589}.Debug|Any CPU.Build.0 = Debug|Any CPU
		{DE3BD5B6-2B5C-44F6-98EC-76C1EEEF6589}.Release|Any CPU.ActiveCfg = Release|Any CPU
		{DE3BD5B6-2B5C-44F6-98EC-76C1EEEF6589}.Release|Any CPU.Build.0 = Release|Any CPU
	EndGlobalSection
	GlobalSection(SolutionProperties) = preSolution
		HideSolutionNode = FALSE
	EndGlobalSection
	GlobalSection(ExtensibilityGlobals) = postSolution
		SolutionGuid = {B363BE26-4CBC-4A08-8B42-557CA617BF41}
	EndGlobalSection
EndGlobal
